lockfileVersion: '9.0'

settings:
  autoInstallPeers: true
  excludeLinksFromLockfile: false

importers:

  .: {}

  apps/app:
    devDependencies:
      '@typescript/native-preview':
        specifier: 7.0.0-dev.20260522.1
        version: 7.0.0-dev.20260522.1
      vize:
        specifier: 0.114.0
        version: 0.114.0
      vue:
        specifier: 3.5.34
        version: 3.5.34

packages:

  '@babel/helper-string-parser@7.27.1':
    resolution: {integrity: sha512-qMlSxKbpRlAridDExk92nSobyDdpPijUq2DW6oDnUqd0iOGxmQjyqhMIihI9+zv4LPyZdRje2cavWPbCbWm3eA==}
    engines: {node: '>=6.9.0'}

  '@babel/helper-validator-identifier@7.28.5':
    resolution: {integrity: sha512-qSs4ifwzKJSV39ucNjsvc6WVHs6b7S03sOh2OcHF9UHfVPqWWALUsNUVzhSBiItjRZoLHx7nIarVjqKVusUZ1Q==}
    engines: {node: '>=6.9.0'}

  '@babel/parser@7.29.3':
    resolution: {integrity: sha512-b3ctpQwp+PROvU/cttc4OYl4MzfJUWy6FZg+PMXfzmt/+39iHVF0sDfqay8TQM3JA2EUOyKcFZt75jWriQijsA==}
    engines: {node: '>=6.0.0'}
    hasBin: true

  '@babel/types@7.29.0':
    resolution: {integrity: sha512-LwdZHpScM4Qz8Xw2iKSzS+cfglZzJGvofQICy7W7v4caru4EaAmyUuO6BGrbyQ2mYV11W0U8j5mBhd14dd3B0A==}
    engines: {node: '>=6.9.0'}

  '@emnapi/core@1.10.0':
    resolution: {integrity: sha512-yq6OkJ4p82CAfPl0u9mQebQHKPJkY7WrIuk205cTYnYe+k2Z8YBh11FrbRG/H6ihirqcacOgl2BIO8oyMQLeXw==}

  '@emnapi/runtime@1.10.0':
    resolution: {integrity: sha512-ewvYlk86xUoGI0zQRNq/mC+16R1QeDlKQy21Ki3oSYXNgLb45GV1P6A0M+/s6nyCuNDqe5VpaY84BzXGwVbwFA==}

  '@emnapi/wasi-threads@1.2.1':
    resolution: {integrity: sha512-uTII7OYF+/Mes/MrcIOYp5yOtSMLBWSIoLPpcgwipoiKbli6k322tcoFsxoIIxPDqW01SQGAgko4EzZi2BNv2w==}

  '@jridgewell/sourcemap-codec@1.5.5':
    resolution: {integrity: sha512-cYQ9310grqxueWbl+WuIUIaiUaDcj7WOq5fVhEljNVgRfOUhY9fy2zTvfoqWsnebh8Sl70VScFbICvJnLKB0Og==}

  '@napi-rs/wasm-runtime@1.1.4':
    resolution: {integrity: sha512-3NQNNgA1YSlJb/kMH1ildASP9HW7/7kYnRI2szWJaofaS1hWmbGI4H+d3+22aGzXXN9IJ+n+GiFVcGipJP18ow==}
    peerDependencies:
      '@emnapi/core': ^1.7.1
      '@emnapi/runtime': ^1.7.1

  '@oxc-transform/binding-android-arm-eabi@0.130.0':
    resolution: {integrity: sha512-Q7oWxsbwgqWe+RoM32WsBIZhJdgp4aASeoTnd+zmmJyNvSA0E5n3por1v54qR2UCO5IzksqUa9jwCHHxuwhk7w==}
    engines: {node: ^20.19.0 || >=22.12.0}
    cpu: [arm]
    os: [android]

  '@oxc-transform/binding-android-arm64@0.130.0':
    resolution: {integrity: sha512-EpCyRi5LlCMAwb6YMByGNHl09m9rcxmFyHTWVcKqrq6wab+wx9yM0PAeiMAfezWIvZ4AIp/pi2blbyJg/YqxJw==}
    engines: {node: ^20.19.0 || >=22.12.0}
    cpu: [arm64]
    os: [android]

  '@oxc-transform/binding-darwin-arm64@0.130.0':
    resolution: {integrity: sha512-EvflmULQ/kQW4rIGvwrdDa6DnYZpsceJ2r0zFmDY+hdAxBA9wXGTJfgGJYOW+KltyhW1ybDbOUfCgLtmUa0YhA==}
    engines: {node: ^20.19.0 || >=22.12.0}
    cpu: [arm64]
    os: [darwin]

  '@oxc-transform/binding-darwin-x64@0.130.0':
    resolution: {integrity: sha512-ZydJiyA6Zdo5exmll//tq3gqGayoRfPTNQBo8weWXhsqzWDEK0VN9wSiRZM4yH4yKS1pY9so890y02CmHaWQVw==}
    engines: {node: ^20.19.0 || >=22.12.0}
    cpu: [x64]
    os: [darwin]

  '@oxc-transform/binding-freebsd-x64@0.130.0':
    resolution: {integrity: sha512-IS3obxLpndsp9A56XMrzex+EYTp9vHdZLxTmYtHXak+wrz76TA9a1RGUdaD3b8b/n6ysljenKhjjnZKR+WGJKQ==}
    engines: {node: ^20.19.0 || >=22.12.0}
    cpu: [x64]
    os: [freebsd]

  '@oxc-transform/binding-linux-arm-gnueabihf@0.130.0':
    resolution: {integrity: sha512-FNsObnYcYR90VaMoSYdBr7SmsN7Mh/lHChy+BlXesjwfJxID7W4BGsSjB+MNY/6eZvemf89m3fluApCdPbYisA==}
    engines: {node: ^20.19.0 || >=22.12.0}
    cpu: [arm]
    os: [linux]

  '@oxc-transform/binding-linux-arm-musleabihf@0.130.0':
    resolution: {integrity: sha512-Z3OSbDihlNs1Gl15IDi3WKfDmpYjNWTrsc0ir2Uv5CBwjJDqnYtQRxZq8JvxoW+Lq5lFEuJQcEPv0U+MWj9pGw==}
    engines: {node: ^20.19.0 || >=22.12.0}
    cpu: [arm]
    os: [linux]

  '@oxc-transform/binding-linux-arm64-gnu@0.130.0':
    resolution: {integrity: sha512-pNVtyv3ndNaHltOKD2bLObE3vSKP89R9+bv7magLKOEnhSwbuFulsYLyc4v7S7YoVhRzmVT4sbVjaSHrWAFt1g==}
    engines: {node: ^20.19.0 || >=22.12.0}
    cpu: [arm64]
    os: [linux]
    libc: [glibc]

  '@oxc-transform/binding-linux-arm64-musl@0.130.0':
    resolution: {integrity: sha512-0sh+YTAYzpMIvK9NmNsCJTXIw8ydy9pd2v3/P0n5DWdQ12+bEZn06XVvFuf5rBbAaS8qqII7bh+2psEHALyM+g==}
    engines: {node: ^20.19.0 || >=22.12.0}
    cpu: [arm64]
    os: [linux]
    libc: [musl]

  '@oxc-transform/binding-linux-ppc64-gnu@0.130.0':
    resolution: {integrity: sha512-gjSO4c68TpH3ybJ2p6lJyZWNOJGfOdSyKd9ZYzFbvSrT5weHir8NV2rSixEwbsmFVd2kQA+aHX5teJkEacLnYQ==}
    engines: {node: ^20.19.0 || >=22.12.0}
    cpu: [ppc64]
    os: [linux]
    libc: [glibc]

  '@oxc-transform/binding-linux-riscv64-gnu@0.130.0':
    resolution: {integrity: sha512-2Fn5JjMPPT2VMrzXQ8M8CcNlNj2Le1EZKbHGKZ8Rue4O9jeCoIx1mF7edySUWPqm3Vq2Oc6Jd/zAaSc9khKgkw==}
    engines: {node: ^20.19.0 || >=22.12.0}
    cpu: [riscv64]
    os: [linux]
    libc: [glibc]

  '@oxc-transform/binding-linux-riscv64-musl@0.130.0':
    resolution: {integrity: sha512-WiSrGyJiiEX3ZdCqRRFsXLMiwu/g4sDM7FhNf0NhpHpCFMfHNa8AlpZ4grSatUaNmkFZBiEhebIJWBKY+VrnHg==}
    engines: {node: ^20.19.0 || >=22.12.0}
    cpu: [riscv64]
    os: [linux]
    libc: [musl]

  '@oxc-transform/binding-linux-s390x-gnu@0.130.0':
    resolution: {integrity: sha512-JbD7CqHRLpNFAfruMEkfYZNdzisgU925Do9GnXdrUc5RjFJ7iKFttNvH3eS93U93bRMEosY5Gbun41BbphjDFg==}
    engines: {node: ^20.19.0 || >=22.12.0}
    cpu: [s390x]
    os: [linux]
    libc: [glibc]

  '@oxc-transform/binding-linux-x64-gnu@0.130.0':
    resolution: {integrity: sha512-/a7ODMlKZdXy449GP91vx8oFgmuoDd08lKr/YnbKnGx9iyUiRsTEEJRqSM6j0EKk6FLJlJYY/pTB3ze6aJf/Rw==}
    engines: {node: ^20.19.0 || >=22.12.0}
    cpu: [x64]
    os: [linux]
    libc: [glibc]

  '@oxc-transform/binding-linux-x64-musl@0.130.0':
    resolution: {integrity: sha512-V8e0WDssMwhDl4bGUeemSvMjBR1rAVGiwmkxKXURizRp+PX+jJnZ2fsDYSCIgiC1jrYMZRms6pvmaqdj75VY2A==}
    engines: {node: ^20.19.0 || >=22.12.0}
    cpu: [x64]
    os: [linux]
    libc: [musl]

  '@oxc-transform/binding-openharmony-arm64@0.130.0':
    resolution: {integrity: sha512-z1zcYYwgDGfC6QuRyM6+s1IN1mzjCAwU/SVXJXMvmDVa4s6LYoFAFHNdIaAerH5HaRhwwB4ZzTW4IUV9p5LyYQ==}
    engines: {node: ^20.19.0 || >=22.12.0}
    cpu: [arm64]
    os: [openharmony]

  '@oxc-transform/binding-wasm32-wasi@0.130.0':
    resolution: {integrity: sha512-+Ts6uzZKxVH5bjuvp2yiOvV3RkF3/MAPCL/4r4UludAawcyhiq7f0zyyhtuM/uMJBYQhzPDHpmzu2qh72a8s/A==}
    engines: {node: ^20.19.0 || >=22.12.0}
    cpu: [wasm32]

  '@oxc-transform/binding-win32-arm64-msvc@0.130.0':
    resolution: {integrity: sha512-NEhR4ians3nh7zHOemgGsrrtzZR/s6EegUFsY6GNOhCJ+43PIos9E3vFy6FwPXoF32pn5FxJ+oOuh6ultrlvpw==}
    engines: {node: ^20.19.0 || >=22.12.0}
    cpu: [arm64]
    os: [win32]

  '@oxc-transform/binding-win32-ia32-msvc@0.130.0':
    resolution: {integrity: sha512-jsmaQme5JbRNezOYrE42hbKTcqZECycxzvXd5eicUSJolUhWUNzmMBhqWAVK7NIThWGUf1UXLVqYf8lVgECCbw==}
    engines: {node: ^20.19.0 || >=22.12.0}
    cpu: [ia32]
    os: [win32]

  '@oxc-transform/binding-win32-x64-msvc@0.130.0':
    resolution: {integrity: sha512-tH8QSCOJV01jdM2PsXADQJHXXZe20wq235PgoZ224/q/5qZ34lu9PMcD8OsN7uhFVcRya1DkiURk69G2ufhKUA==}
    engines: {node: ^20.19.0 || >=22.12.0}
    cpu: [x64]
    os: [win32]

  '@tybys/wasm-util@0.10.2':
    resolution: {integrity: sha512-RoBvJ2X0wuKlWFIjrwffGw1IqZHKQqzIchKaadZZfnNpsAYp2mM0h36JtPCjNDAHGgYez/15uMBpfGwchhiMgg==}

  '@typescript/native-preview-darwin-arm64@7.0.0-dev.20260522.1':
    resolution: {integrity: sha512-kp2JX8wSCQ5i8f5Zr30t9TdAIEw8s3MCvT1zEe6PJAHU7aUHTnRCM+oAHEM8QxM29VD/PxR6b5dVKxHtX7Ny/A==}
    engines: {node: '>=16.20.0'}
    cpu: [arm64]
    os: [darwin]

  '@typescript/native-preview-darwin-x64@7.0.0-dev.20260522.1':
    resolution: {integrity: sha512-jX89E/hV/r0fOcP4+JWdKSugJXmWbOO74aC5a1U8+U7TBD1TTfK50Da+BL8Sf2Xud2ybqQ+2FUHAlBsLTC743g==}
    engines: {node: '>=16.20.0'}
    cpu: [x64]
    os: [darwin]

  '@typescript/native-preview-linux-arm64@7.0.0-dev.20260522.1':
    resolution: {integrity: sha512-XFLpJNscLKqT6LLSBrv78DzLdzwFYOePeluRBF616KUPEcfiXliTan1YuHQh4m9i9o6tvW/NnuAPlr/Q8DObsg==}
    engines: {node: '>=16.20.0'}
    cpu: [arm64]
    os: [linux]

  '@typescript/native-preview-linux-arm@7.0.0-dev.20260522.1':
    resolution: {integrity: sha512-vItWfPtZfUQLaVJe0iClfsKSDtkUCUTp2LfEXBHqBCdWhoE3irg7Ivs41l3sp4zXlTio5SUvMzvO8/Mc2SImzA==}
    engines: {node: '>=16.20.0'}
    cpu: [arm]
    os: [linux]

  '@typescript/native-preview-linux-x64@7.0.0-dev.20260522.1':
    resolution: {integrity: sha512-r5wkbqL+qpI3QN3GiF0dg5A0PD5x9cfYSSCD744+Ov35P8inuJSySjR44gdoOF3IcFTupPEc/4q4to/gId1kZQ==}
    engines: {node: '>=16.20.0'}
    cpu: [x64]
    os: [linux]

  '@typescript/native-preview-win32-arm64@7.0.0-dev.20260522.1':
    resolution: {integrity: sha512-Xtqw0dfE35WISVqN2J9hp21N6l5MT21DSgJ4w/cXisDZlaeT0Vq57CgUWUbLT4CEw5gs0QK6kmUFOSAP7Dga6Q==}
    engines: {node: '>=16.20.0'}
    cpu: [arm64]
    os: [win32]

  '@typescript/native-preview-win32-x64@7.0.0-dev.20260522.1':
    resolution: {integrity: sha512-CBTpf7skuTNgHzjwEbw3ujU76r/u9asENXc9xQmgj6qCJ1+ZHn34MMzolkUegwtHWfuem38ayYTJOMn2dmNQ5g==}
    engines: {node: '>=16.20.0'}
    cpu: [x64]
    os: [win32]

  '@typescript/native-preview@7.0.0-dev.20260522.1':
    resolution: {integrity: sha512-NgnE3PE3/nr4Qr8p1uCIkaM5YmNa8hQGhzb8Olb6w09aocg4Wq8bjrFHe4qZH2kgV+Hl4gGXRNb9ww1P2fwc9Q==}
    engines: {node: '>=16.20.0'}
    hasBin: true

  '@vizejs/native-darwin-arm64@0.114.0':
    resolution: {integrity: sha512-hl6y286finQuKq2y85LovLRyDFZnIWZVkxB8el39UMRte6ZhmIj0BXKft2M/zuYp7btpSmp3sLAWFHJ/u6Sm6w==}
    engines: {node: '>=22'}
    cpu: [arm64]
    os: [darwin]

  '@vizejs/native-darwin-x64@0.114.0':
    resolution: {integrity: sha512-Z5RNDfVm5drlqZUKo09JorSKudhSSwmEKdYnKWPaIrvO0XOX6ZP7hNHCl1JN5l8xQi/KWnTMdoKJDJrFO0rtJQ==}
    engines: {node: '>=22'}
    cpu: [x64]
    os: [darwin]

  '@vizejs/native-linux-arm64-gnu@0.114.0':
    resolution: {integrity: sha512-sJjUXwL+WiXSAnrsfCtbvEhkg9C+MoQnbdawDT8ioMjTA2ooYM4r5s5dKhmWGiC4iiTgR65B1HOgUxxMJczjhA==}
    engines: {node: '>=22'}
    cpu: [arm64]
    os: [linux]
    libc: [glibc]

  '@vizejs/native-linux-arm64-musl@0.114.0':
    resolution: {integrity: sha512-UgK6BI/dwFIXSBsNAUBnYNNH829uV6cvRDvKemL4sDQVYBI7dEdL/VF9aea6fLVhRD7e+Yu3adhAP37xyYBS1w==}
    engines: {node: '>=22'}
    cpu: [arm64]
    os: [linux]
    libc: [musl]

  '@vizejs/native-linux-x64-gnu@0.114.0':
    resolution: {integrity: sha512-6csw6147fmQfbHZB34sbbfMWgR+3k5ZkGdHEj/jJ2nEtgSLUcWEPD+hljKcx57n5Zxt0Vu5uLQw1Ly5OBONRNQ==}
    engines: {node: '>=22'}
    cpu: [x64]
    os: [linux]
    libc: [glibc]

  '@vizejs/native-linux-x64-musl@0.114.0':
    resolution: {integrity: sha512-C6CTlIVURaDhXj6Zd6+7OUaOikkh0UwUvldCRde5MRVckte8Qi22TL90lV3vuulO50O3gvJXzMWracxEiCw2Jw==}
    engines: {node: '>=22'}
    cpu: [x64]
    os: [linux]
    libc: [musl]

  '@vizejs/native-win32-arm64-msvc@0.114.0':
    resolution: {integrity: sha512-49dziO8MAs+1Geu2cn0qxWBST1OoGZ1/0oQKFT5YaWx7vBxuS0a0xsCS0rRxKRUJl0oQowuQqpWtH2CDRVvYUw==}
    engines: {node: '>=22'}
    cpu: [arm64]
    os: [win32]

  '@vizejs/native-win32-x64-msvc@0.114.0':
    resolution: {integrity: sha512-k2vYLfqfW6bqAKHjc/H06neyf/80WUu9cSuQyRW8A5DU+E2rf3nPOQNdnbfHx9guN2TpDmIA1OoHw5bkuB28rw==}
    engines: {node: '>=22'}
    cpu: [x64]
    os: [win32]

  '@vizejs/native@0.114.0':
    resolution: {integrity: sha512-Hi93l/cpK2Bu8chrpm/skicY3hbhnPYRIFy+wobN3m2+d/uGp5q9qD6tKhkl47VM6DXpjLkxBOOL3dRV+65OWw==}
    engines: {node: '>=22'}

  '@vue/compiler-core@3.5.34':
    resolution: {integrity: sha512-s9cLyK5mLcvZ4Agva5QgRsQyLKvts9WbU9DB6NqiZkkGEdwmcEiylj5Jbwkp680drF/NNCV8OlAJSe+yMLxaJw==}

  '@vue/compiler-dom@3.5.34':
    resolution: {integrity: sha512-EbF/T++k0e2MMZlJsBhzK8Sgwt0HcIPOhzn1CTB/lv6sQcyk+OWf8YeiLxZp3ro7MbbLcAfAJ6sEvjFWuNgUCw==}

  '@vue/compiler-sfc@3.5.34':
    resolution: {integrity: sha512-D/ihr6uZeIt6r+pVZf46RWT1fAsLFMbUP7k8G1VkiiWexriED9GrX3echHd4Abbt17zjlfiFJ8z7a3BxZOPNjg==}

  '@vue/compiler-ssr@3.5.34':
    resolution: {integrity: sha512-cDtTHKibkThKGHH1SP+WdccquNRYQDFH6rRjQCqT9G2ltFAfoR5pUftpab/z+aM5mW9HLLVQW7hfKKQe/1GBeQ==}

  '@vue/reactivity@3.5.34':
    resolution: {integrity: sha512-y9XDjCEuBp+98k+UL5dbYkh57AHU4o6cxZedOPXw3bmrZZYLQsVHguGurq7hVrPCSrQtrnz1f9dssyFr+dMXfQ==}

  '@vue/runtime-core@3.5.34':
    resolution: {integrity: sha512-mKeBYvu8tcMSLhypAHBmriUFfWXKTCF/23Z4jiCoYK3UtWepkliViNLuR90V9XOyD62mUxs9p1jsrpK3CCGIzw==}

  '@vue/runtime-dom@3.5.34':
    resolution: {integrity: sha512-e8kZzERmCwUnBRVsgSQlAfrfU2rGoy0FFKPBXSlfEjc/O3KfA7QP0t1/2ZylrbchjmIKB4dPTd07A6WPr0eOrg==}

  '@vue/server-renderer@3.5.34':
    resolution: {integrity: sha512-nHxmJoTrKsmrkbILRhkC9gY1G3moZbJTqCzDd7DOOzG5KH9oeJ0Unqrff5f9v0pW//jES05ZkJcNtfE8JjOIew==}
    peerDependencies:
      vue: 3.5.34

  '@vue/shared@3.5.34':
    resolution: {integrity: sha512-24uqU4OIiX29ryC3MeWid/Xf2fa2EFRUVLb77nRhk+UrTVrh/XiGtFAFmJBAtBRbjwNdsPRP+jj/OL27Eg1NDA==}

  csstype@3.2.3:
    resolution: {integrity: sha512-z1HGKcYy2xA8AGQfwrn0PAy+PB7X/GSj3UVJW9qKyn43xWa+gl5nXmU4qqLMRzWVLFC8KusUX8T/0kCiOYpAIQ==}

  entities@7.0.1:
    resolution: {integrity: sha512-TWrgLOFUQTH994YUyl1yT4uyavY5nNB5muff+RtWaqNVCAK408b5ZnnbNAUEWLTCpum9w6arT70i1XdQ4UeOPA==}
    engines: {node: '>=0.12'}

  estree-walker@2.0.2:
    resolution: {integrity: sha512-Rfkk/Mp/DL7JVje3u18FxFujQlTNR2q6QfMSMB7AvCBx91NGj/ba3kCfza0f6dVDbw7YlRf/nDrn7pQrCCyQ/w==}

  magic-string@0.30.21:
    resolution: {integrity: sha512-vd2F4YUyEXKGcLHoq+TEyCjxueSeHnFxyyjNp80yg0XV4vUhnDer/lvvlqM/arB5bXQN5K2/3oinyCRyx8T2CQ==}

  nanoid@3.3.12:
    resolution: {integrity: sha512-ZB9RH/39qpq5Vu6Y+NmUaFhQR6pp+M2Xt76XBnEwDaGcVAqhlvxrl3B2bKS5D3NH3QR76v3aSrKaF/Kiy7lEtQ==}
    engines: {node: ^10 || ^12 || ^13.7 || ^14 || >=15.0.1}
    hasBin: true

  oxc-transform@0.130.0:
    resolution: {integrity: sha512-aMD7aOzdG1yOKd2O01ngLiDw+9AEm7txKKsUlDY/jjZ7XyEDeZNL8V9rROfTi4ir/xhzQ73IDaZImSG6b6mp3g==}
    engines: {node: ^20.19.0 || >=22.12.0}

  picocolors@1.1.1:
    resolution: {integrity: sha512-xceH2snhtb5M9liqDsmEw56le376mTZkEX/jEb/RxNFyegNul7eNslCXP9FDj/Lcu0X8KEyMceP2ntpaHrDEVA==}

  postcss@8.5.15:
    resolution: {integrity: sha512-FfR8sjd4em2T6fb3I2MwAJU7HWVMr9zba+enmQeeWFfCbm+UOC/0X4DS8XtpUTMwWMGbjKYP7xjfNekzyGmB3A==}
    engines: {node: ^10 || ^12 || >=14}

  source-map-js@1.2.1:
    resolution: {integrity: sha512-UXWMKhLOwVKb728IUtQPXxfYU+usdybtUrK/8uGE8CQMvrhOpwvzDBwj0QhSL7MQc7vIsISBG8VQ8+IDQxpfQA==}
    engines: {node: '>=0.10.0'}

  tslib@2.8.1:
    resolution: {integrity: sha512-oJFu94HQb+KVduSUQL7wnpmqnfmLsOA/nAh6b6EH0wCEoK0/mPeXU6c3wKDV83MkOuHPRHtSXKKU99IBazS/2w==}

  vize@0.114.0:
    resolution: {integrity: sha512-VqMSJ0ZoWHqMm/fp90OW+m3noMH93DArpf3QVEKlP7WdCtmNxp9/3CwTEV4ETkqVb3Y3JLk0xI0XZ9cyDABFYQ==}
    engines: {node: '>=22'}
    hasBin: true
    peerDependencies:
      '@pkl-community/pkl': 0.27.2
    peerDependenciesMeta:
      '@pkl-community/pkl':
        optional: true

  vue@3.5.34:
    resolution: {integrity: sha512-WdLBG9gm02OgJIG9axd5Hpx0TFLdzVgfG2evFFu8Rur5O/IoGc5cMjnjh3tPL6GnRGsYvUhBSKVPYVcxRKpMCA==}
    peerDependencies:
      typescript: '*'
    peerDependenciesMeta:
      typescript:
        optional: true

snapshots:

  '@babel/helper-string-parser@7.27.1': {}

  '@babel/helper-validator-identifier@7.28.5': {}

  '@babel/parser@7.29.3':
    dependencies:
      '@babel/types': 7.29.0

  '@babel/types@7.29.0':
    dependencies:
      '@babel/helper-string-parser': 7.27.1
      '@babel/helper-validator-identifier': 7.28.5

  '@emnapi/core@1.10.0':
    dependencies:
      '@emnapi/wasi-threads': 1.2.1
      tslib: 2.8.1
    optional: true

  '@emnapi/runtime@1.10.0':
    dependencies:
      tslib: 2.8.1
    optional: true

  '@emnapi/wasi-threads@1.2.1':
    dependencies:
      tslib: 2.8.1
    optional: true

  '@jridgewell/sourcemap-codec@1.5.5': {}

  '@napi-rs/wasm-runtime@1.1.4(@emnapi/core@1.10.0)(@emnapi/runtime@1.10.0)':
    dependencies:
      '@emnapi/core': 1.10.0
      '@emnapi/runtime': 1.10.0
      '@tybys/wasm-util': 0.10.2
    optional: true

  '@oxc-transform/binding-android-arm-eabi@0.130.0':
    optional: true

  '@oxc-transform/binding-android-arm64@0.130.0':
    optional: true

  '@oxc-transform/binding-darwin-arm64@0.130.0':
    optional: true

  '@oxc-transform/binding-darwin-x64@0.130.0':
    optional: true

  '@oxc-transform/binding-freebsd-x64@0.130.0':
    optional: true

  '@oxc-transform/binding-linux-arm-gnueabihf@0.130.0':
    optional: true

  '@oxc-transform/binding-linux-arm-musleabihf@0.130.0':
    optional: true

  '@oxc-transform/binding-linux-arm64-gnu@0.130.0':
    optional: true

  '@oxc-transform/binding-linux-arm64-musl@0.130.0':
    optional: true

  '@oxc-transform/binding-linux-ppc64-gnu@0.130.0':
    optional: true

  '@oxc-transform/binding-linux-riscv64-gnu@0.130.0':
    optional: true

  '@oxc-transform/binding-linux-riscv64-musl@0.130.0':
    optional: true

  '@oxc-transform/binding-linux-s390x-gnu@0.130.0':
    optional: true

  '@oxc-transform/binding-linux-x64-gnu@0.130.0':
    optional: true

  '@oxc-transform/binding-linux-x64-musl@0.130.0':
    optional: true

  '@oxc-transform/binding-openharmony-arm64@0.130.0':
    optional: true

  '@oxc-transform/binding-wasm32-wasi@0.130.0':
    dependencies:
      '@emnapi/core': 1.10.0
      '@emnapi/runtime': 1.10.0
      '@napi-rs/wasm-runtime': 1.1.4(@emnapi/core@1.10.0)(@emnapi/runtime@1.10.0)
    optional: true

  '@oxc-transform/binding-win32-arm64-msvc@0.130.0':
    optional: true

  '@oxc-transform/binding-win32-ia32-msvc@0.130.0':
    optional: true

  '@oxc-transform/binding-win32-x64-msvc@0.130.0':
    optional: true

  '@tybys/wasm-util@0.10.2':
    dependencies:
      tslib: 2.8.1
    optional: true

  '@typescript/native-preview-darwin-arm64@7.0.0-dev.20260522.1':
    optional: true

  '@typescript/native-preview-darwin-x64@7.0.0-dev.20260522.1':
    optional: true

  '@typescript/native-preview-linux-arm64@7.0.0-dev.20260522.1':
    optional: true

  '@typescript/native-preview-linux-arm@7.0.0-dev.20260522.1':
    optional: true

  '@typescript/native-preview-linux-x64@7.0.0-dev.20260522.1':
    optional: true

  '@typescript/native-preview-win32-arm64@7.0.0-dev.20260522.1':
    optional: true

  '@typescript/native-preview-win32-x64@7.0.0-dev.20260522.1':
    optional: true

  '@typescript/native-preview@7.0.0-dev.20260522.1':
    optionalDependencies:
      '@typescript/native-preview-darwin-arm64': 7.0.0-dev.20260522.1
      '@typescript/native-preview-darwin-x64': 7.0.0-dev.20260522.1
      '@typescript/native-preview-linux-arm': 7.0.0-dev.20260522.1
      '@typescript/native-preview-linux-arm64': 7.0.0-dev.20260522.1
      '@typescript/native-preview-linux-x64': 7.0.0-dev.20260522.1
      '@typescript/native-preview-win32-arm64': 7.0.0-dev.20260522.1
      '@typescript/native-preview-win32-x64': 7.0.0-dev.20260522.1

  '@vizejs/native-darwin-arm64@0.114.0':
    optional: true

  '@vizejs/native-darwin-x64@0.114.0':
    optional: true

  '@vizejs/native-linux-arm64-gnu@0.114.0':
    optional: true

  '@vizejs/native-linux-arm64-musl@0.114.0':
    optional: true

  '@vizejs/native-linux-x64-gnu@0.114.0':
    optional: true

  '@vizejs/native-linux-x64-musl@0.114.0':
    optional: true

  '@vizejs/native-win32-arm64-msvc@0.114.0':
    optional: true

  '@vizejs/native-win32-x64-msvc@0.114.0':
    optional: true

  '@vizejs/native@0.114.0':
    optionalDependencies:
      '@vizejs/native-darwin-arm64': 0.114.0
      '@vizejs/native-darwin-x64': 0.114.0
      '@vizejs/native-linux-arm64-gnu': 0.114.0
      '@vizejs/native-linux-arm64-musl': 0.114.0
      '@vizejs/native-linux-x64-gnu': 0.114.0
      '@vizejs/native-linux-x64-musl': 0.114.0
      '@vizejs/native-win32-arm64-msvc': 0.114.0
      '@vizejs/native-win32-x64-msvc': 0.114.0

  '@vue/compiler-core@3.5.34':
    dependencies:
      '@babel/parser': 7.29.3
      '@vue/shared': 3.5.34
      entities: 7.0.1
      estree-walker: 2.0.2
      source-map-js: 1.2.1

  '@vue/compiler-dom@3.5.34':
    dependencies:
      '@vue/compiler-core': 3.5.34
      '@vue/shared': 3.5.34

  '@vue/compiler-sfc@3.5.34':
    dependencies:
      '@babel/parser': 7.29.3
      '@vue/compiler-core': 3.5.34
      '@vue/compiler-dom': 3.5.34
      '@vue/compiler-ssr': 3.5.34
      '@vue/shared': 3.5.34
      estree-walker: 2.0.2
      magic-string: 0.30.21
      postcss: 8.5.15
      source-map-js: 1.2.1

  '@vue/compiler-ssr@3.5.34':
    dependencies:
      '@vue/compiler-dom': 3.5.34
      '@vue/shared': 3.5.34

  '@vue/reactivity@3.5.34':
    dependencies:
      '@vue/shared': 3.5.34

  '@vue/runtime-core@3.5.34':
    dependencies:
      '@vue/reactivity': 3.5.34
      '@vue/shared': 3.5.34

  '@vue/runtime-dom@3.5.34':
    dependencies:
      '@vue/reactivity': 3.5.34
      '@vue/runtime-core': 3.5.34
      '@vue/shared': 3.5.34
      csstype: 3.2.3

  '@vue/server-renderer@3.5.34(vue@3.5.34)':
    dependencies:
      '@vue/compiler-ssr': 3.5.34
      '@vue/shared': 3.5.34
      vue: 3.5.34

  '@vue/shared@3.5.34': {}

  csstype@3.2.3: {}

  entities@7.0.1: {}

  estree-walker@2.0.2: {}

  magic-string@0.30.21:
    dependencies:
      '@jridgewell/sourcemap-codec': 1.5.5

  nanoid@3.3.12: {}

  oxc-transform@0.130.0:
    optionalDependencies:
      '@oxc-transform/binding-android-arm-eabi': 0.130.0
      '@oxc-transform/binding-android-arm64': 0.130.0
      '@oxc-transform/binding-darwin-arm64': 0.130.0
      '@oxc-transform/binding-darwin-x64': 0.130.0
      '@oxc-transform/binding-freebsd-x64': 0.130.0
      '@oxc-transform/binding-linux-arm-gnueabihf': 0.130.0
      '@oxc-transform/binding-linux-arm-musleabihf': 0.130.0
      '@oxc-transform/binding-linux-arm64-gnu': 0.130.0
      '@oxc-transform/binding-linux-arm64-musl': 0.130.0
      '@oxc-transform/binding-linux-ppc64-gnu': 0.130.0
      '@oxc-transform/binding-linux-riscv64-gnu': 0.130.0
      '@oxc-transform/binding-linux-riscv64-musl': 0.130.0
      '@oxc-transform/binding-linux-s390x-gnu': 0.130.0
      '@oxc-transform/binding-linux-x64-gnu': 0.130.0
      '@oxc-transform/binding-linux-x64-musl': 0.130.0
      '@oxc-transform/binding-openharmony-arm64': 0.130.0
      '@oxc-transform/binding-wasm32-wasi': 0.130.0
      '@oxc-transform/binding-win32-arm64-msvc': 0.130.0
      '@oxc-transform/binding-win32-ia32-msvc': 0.130.0
      '@oxc-transform/binding-win32-x64-msvc': 0.130.0

  picocolors@1.1.1: {}

  postcss@8.5.15:
    dependencies:
      nanoid: 3.3.12
      picocolors: 1.1.1
      source-map-js: 1.2.1

  source-map-js@1.2.1: {}

  tslib@2.8.1:
    optional: true

  vize@0.114.0:
    dependencies:
      '@vizejs/native': 0.114.0
      oxc-transform: 0.130.0

  vue@3.5.34:
    dependencies:
      '@vue/compiler-dom': 3.5.34
      '@vue/compiler-sfc': 3.5.34
      '@vue/runtime-dom': 3.5.34
      '@vue/server-renderer': 3.5.34(vue@3.5.34)
      '@vue/shared': 3.5.34
